# This file is automatically @generated by Cargo.
# It is not intended for manual editing.
version = 4

[[package]]
name = "m5unified"
version = "0.1.0"
dependencies = [
 "m5unified-sys",
]

[[package]]
name = "m5unified-examples"
version = "0.1.0"
dependencies = [
 "m5unified",
]

[[package]]
name = "m5unified-sys"
version = "0.1.0"
